
Microsoft Visual Studio Solution File, Format Version 12.00
# Visual Studio Version 17
VisualStudioVersion = 17.2.32519.379
MinimumVisualStudioVersion = 10.0.40219.1
Project("{FAE04EC0-301F-11D3-BF4B-00C04F79EFBC}") = "Escant_App.Android", "Escant_App.Android\Escant_App.Android.csproj", "{B38FBE99-98DE-4A16-AF38-F06367E121E1}"
	ProjectSection(ProjectDependencies) = postProject
		{1931A70D-5AA7-4961-AA4C-F3A647835EA0} = {1931A70D-5AA7-4961-AA4C-F3A647835EA0}
		{A040E67B-E02A-4003-8B69-255636926852} = {A040E67B-E02A-4003-8B69-255636926852}
		{B2FA44F0-19F1-4261-8335-E8E8FCB2D078} = {B2FA44F0-19F1-4261-8335-E8E8FCB2D078}
	EndProjectSection
EndProject
Project("{FAE04EC0-301F-11D3-BF4B-00C04F79EFBC}") = "Escant_App.iOS", "Escant_App.iOS\Escant_App.iOS.csproj", "{DDB63BB6-79E0-4056-8B07-90D6C02CF496}"
	ProjectSection(ProjectDependencies) = postProject
		{1931A70D-5AA7-4961-AA4C-F3A647835EA0} = {1931A70D-5AA7-4961-AA4C-F3A647835EA0}
		{A040E67B-E02A-4003-8B69-255636926852} = {A040E67B-E02A-4003-8B69-255636926852}
		{B2FA44F0-19F1-4261-8335-E8E8FCB2D078} = {B2FA44F0-19F1-4261-8335-E8E8FCB2D078}
		{B38FBE99-98DE-4A16-AF38-F06367E121E1} = {B38FBE99-98DE-4A16-AF38-F06367E121E1}
	EndProjectSection
EndProject
Project("{9A19103F-16F7-4668-BE54-9A1E7A4F7556}") = "Escant_App", "Escant_App\Escant_App.csproj", "{BA6FEEBE-491C-4572-A825-0BE6F0DE1DB3}"
	ProjectSection(ProjectDependencies) = postProject
		{1931A70D-5AA7-4961-AA4C-F3A647835EA0} = {1931A70D-5AA7-4961-AA4C-F3A647835EA0}
		{A040E67B-E02A-4003-8B69-255636926852} = {A040E67B-E02A-4003-8B69-255636926852}
		{B2FA44F0-19F1-4261-8335-E8E8FCB2D078} = {B2FA44F0-19F1-4261-8335-E8E8FCB2D078}
	EndProjectSection
EndProject
Project("{9A19103F-16F7-4668-BE54-9A1E7A4F7556}") = "DataModel", "DataModel\DataModel.csproj", "{A040E67B-E02A-4003-8B69-255636926852}"
EndProject
Project("{9A19103F-16F7-4668-BE54-9A1E7A4F7556}") = "Escant_App.Common", "Escant_App.Common\Escant_App.Common.csproj", "{1931A70D-5AA7-4961-AA4C-F3A647835EA0}"
EndProject
Project("{9A19103F-16F7-4668-BE54-9A1E7A4F7556}") = "ManijodaServicios", "ServiciosManijoda\ManijodaServicios.csproj", "{B2FA44F0-19F1-4261-8335-E8E8FCB2D078}"
	ProjectSection(ProjectDependencies) = postProject
		{1931A70D-5AA7-4961-AA4C-F3A647835EA0} = {1931A70D-5AA7-4961-AA4C-F3A647835EA0}
	EndProjectSection
EndProject
Global
	GlobalSection(SolutionConfigurationPlatforms) = preSolution
		Ad-Hoc|Any CPU = Ad-Hoc|Any CPU
		Ad-Hoc|iPhone = Ad-Hoc|iPhone
		Ad-Hoc|iPhoneSimulator = Ad-Hoc|iPhoneSimulator
		AppStore|Any CPU = AppStore|Any CPU
		AppStore|iPhone = AppStore|iPhone
		AppStore|iPhoneSimulator = AppStore|iPhoneSimulator
		Debug|Any CPU = Debug|Any CPU
		Debug|iPhone = Debug|iPhone
		Debug|iPhoneSimulator = Debug|iPhoneSimulator
		Release|Any CPU = Release|Any CPU
		Release|iPhone = Release|iPhone
		Release|iPhoneSimulator = Release|iPhoneSimulator
	EndGlobalSection
	GlobalSection(ProjectConfigurationPlatforms) = postSolution
		{B38FBE99-98DE-4A16-AF38-F06367E121E1}.Ad-Hoc|Any CPU.ActiveCfg = Release|Any CPU
		{B38FBE99-98DE-4A16-AF38-F06367E121E1}.Ad-Hoc|Any CPU.Build.0 = Release|Any CPU
		{B38FBE99-98DE-4A16-AF38-F06367E121E1}.Ad-Hoc|Any CPU.Deploy.0 = Release|Any CPU
		{B38FBE99-98DE-4A16-AF38-F06367E121E1}.Ad-Hoc|iPhone.ActiveCfg = Release|Any CPU
		{B38FBE99-98DE-4A16-AF38-F06367E121E1}.Ad-Hoc|iPhone.Build.0 = Release|Any CPU
		{B38FBE99-98DE-4A16-AF38-F06367E121E1}.Ad-Hoc|iPhone.Deploy.0 = Release|Any CPU
		{B38FBE99-98DE-4A16-AF38-F06367E121E1}.Ad-Hoc|iPhoneSimulator.ActiveCfg = Release|Any CPU
		{B38FBE99-98DE-4A16-AF38-F06367E121E1}.Ad-Hoc|iPhoneSimulator.Build.0 = Release|Any CPU
		{B38FBE99-98DE-4A16-AF38-F06367E121E1}.Ad-Hoc|iPhoneSimulator.Deploy.0 = Release|Any CPU
		{B38FBE99-98DE-4A16-AF38-F06367E121E1}.AppStore|Any CPU.ActiveCfg = Release|Any CPU
		{B38FBE99-98DE-4A16-AF38-F06367E121E1}.AppStore|Any CPU.Build.0 = Release|Any CPU
		{B38FBE99-98DE-4A16-AF38-F06367E121E1}.AppStore|Any CPU.Deploy.0 = Release|Any CPU
		{B38FBE99-98DE-4A16-AF38-F06367E121E1}.AppStore|iPhone.ActiveCfg = Release|Any CPU
		{B38FBE99-98DE-4A16-AF38-F06367E121E1}.AppStore|iPhone.Build.0 = Release|Any CPU
		{B38FBE99-98DE-4A16-AF38-F06367E121E1}.AppStore|iPhone.Deploy.0 = Release|Any CPU
		{B38FBE99-98DE-4A16-AF38-F06367E121E1}.AppStore|iPhoneSimulator.ActiveCfg = Release|Any CPU
		{B38FBE99-98DE-4A16-AF38-F06367E121E1}.AppStore|iPhoneSimulator.Build.0 = Release|Any CPU
		{B38FBE99-98DE-4A16-AF38-F06367E121E1}.AppStore|iPhoneSimulator.Deploy.0 = Release|Any CPU
		{B38FBE99-98DE-4A16-AF38-F06367E121E1}.Debug|Any CPU.ActiveCfg = Debug|Any CPU
		{B38FBE99-98DE-4A16-AF38-F06367E121E1}.Debug|Any CPU.Build.0 = Debug|Any CPU
		{B38FBE99-98DE-4A16-AF38-F06367E121E1}.Debug|Any CPU.Deploy.0 = Debug|Any CPU
		{B38FBE99-98DE-4A16-AF38-F06367E121E1}.Debug|iPhone.ActiveCfg = Debug|Any CPU
		{B38FBE99-98DE-4A16-AF38-F06367E121E1}.Debug|iPhone.Build.0 = Debug|Any CPU
		{B38FBE99-98DE-4A16-AF38-F06367E121E1}.Debug|iPhone.Deploy.0 = Debug|Any CPU
		{B38FBE99-98DE-4A16-AF38-F06367E121E1}.Debug|iPhoneSimulator.ActiveCfg = Debug|Any CPU
		{B38FBE99-98DE-4A16-AF38-F06367E121E1}.Debug|iPhoneSimulator.Build.0 = Debug|Any CPU
		{B38FBE99-98DE-4A16-AF38-F06367E121E1}.Debug|iPhoneSimulator.Deploy.0 = Debug|Any CPU
		{B38FBE99-98DE-4A16-AF38-F06367E121E1}.Release|Any CPU.ActiveCfg = Release|Any CPU
		{B38FBE99-98DE-4A16-AF38-F06367E121E1}.Release|Any CPU.Build.0 = Release|Any CPU
		{B38FBE99-98DE-4A16-AF38-F06367E121E1}.Release|Any CPU.Deploy.0 = Release|Any CPU
		{B38FBE99-98DE-4A16-AF38-F06367E121E1}.Release|iPhone.ActiveCfg = Release|Any CPU
		{B38FBE99-98DE-4A16-AF38-F06367E121E1}.Release|iPhone.Build.0 = Release|Any CPU
		{B38FBE99-98DE-4A16-AF38-F06367E121E1}.Release|iPhone.Deploy.0 = Release|Any CPU
		{B38FBE99-98DE-4A16-AF38-F06367E121E1}.Release|iPhoneSimulator.ActiveCfg = Release|Any CPU
		{B38FBE99-98DE-4A16-AF38-F06367E121E1}.Release|iPhoneSimulator.Build.0 = Release|Any CPU
		{B38FBE99-98DE-4A16-AF38-F06367E121E1}.Release|iPhoneSimulator.Deploy.0 = Release|Any CPU
		{DDB63BB6-79E0-4056-8B07-90D6C02CF496}.Ad-Hoc|Any CPU.ActiveCfg = Release|iPhone
		{DDB63BB6-79E0-4056-8B07-90D6C02CF496}.Ad-Hoc|Any CPU.Build.0 = Release|iPhone
		{DDB63BB6-79E0-4056-8B07-90D6C02CF496}.Ad-Hoc|iPhone.ActiveCfg = Release|iPhone
		{DDB63BB6-79E0-4056-8B07-90D6C02CF496}.Ad-Hoc|iPhone.Build.0 = Release|iPhone
		{DDB63BB6-79E0-4056-8B07-90D6C02CF496}.Ad-Hoc|iPhoneSimulator.ActiveCfg = Release|iPhoneSimulator
		{DDB63BB6-79E0-4056-8B07-90D6C02CF496}.Ad-Hoc|iPhoneSimulator.Build.0 = Release|iPhoneSimulator
		{DDB63BB6-79E0-4056-8B07-90D6C02CF496}.AppStore|Any CPU.ActiveCfg = Release|iPhone
		{DDB63BB6-79E0-4056-8B07-90D6C02CF496}.AppStore|Any CPU.Build.0 = Release|iPhone
		{DDB63BB6-79E0-4056-8B07-90D6C02CF496}.AppStore|iPhone.ActiveCfg = Release|iPhone
		{DDB63BB6-79E0-4056-8B07-90D6C02CF496}.AppStore|iPhone.Build.0 = Release|iPhone
		{DDB63BB6-79E0-4056-8B07-90D6C02CF496}.AppStore|iPhoneSimulator.ActiveCfg = Release|iPhoneSimulator
		{DDB63BB6-79E0-4056-8B07-90D6C02CF496}.AppStore|iPhoneSimulator.Build.0 = Release|iPhoneSimulator
		{DDB63BB6-79E0-4056-8B07-90D6C02CF496}.Debug|Any CPU.ActiveCfg = Debug|iPhone
		{DDB63BB6-79E0-4056-8B07-90D6C02CF496}.Debug|Any CPU.Build.0 = Debug|iPhone
		{DDB63BB6-79E0-4056-8B07-90D6C02CF496}.Debug|Any CPU.Deploy.0 = Debug|iPhone
		{DDB63BB6-79E0-4056-8B07-90D6C02CF496}.Debug|iPhone.ActiveCfg = Debug|iPhone
		{DDB63BB6-79E0-4056-8B07-90D6C02CF496}.Debug|iPhone.Build.0 = Debug|iPhone
		{DDB63BB6-79E0-4056-8B07-90D6C02CF496}.Debug|iPhone.Deploy.0 = Debug|iPhone
		{DDB63BB6-79E0-4056-8B07-90D6C02CF496}.Debug|iPhoneSimulator.ActiveCfg = Debug|iPhoneSimulator
		{DDB63BB6-79E0-4056-8B07-90D6C02CF496}.Debug|iPhoneSimulator.Build.0 = Debug|iPhoneSimulator
		{DDB63BB6-79E0-4056-8B07-90D6C02CF496}.Debug|iPhoneSimulator.Deploy.0 = Debug|iPhoneSimulator
		{DDB63BB6-79E0-4056-8B07-90D6C02CF496}.Release|Any CPU.ActiveCfg = Release|iPhoneSimulator
		{DDB63BB6-79E0-4056-8B07-90D6C02CF496}.Release|Any CPU.Build.0 = Release|iPhoneSimulator
		{DDB63BB6-79E0-4056-8B07-90D6C02CF496}.Release|Any CPU.Deploy.0 = Release|iPhoneSimulator
		{DDB63BB6-79E0-4056-8B07-90D6C02CF496}.Release|iPhone.ActiveCfg = Release|iPhone
		{DDB63BB6-79E0-4056-8B07-90D6C02CF496}.Release|iPhone.Build.0 = Release|iPhone
		{DDB63BB6-79E0-4056-8B07-90D6C02CF496}.Release|iPhone.Deploy.0 = Release|iPhone
		{DDB63BB6-79E0-4056-8B07-90D6C02CF496}.Release|iPhoneSimulator.ActiveCfg = Release|iPhoneSimulator
		{DDB63BB6-79E0-4056-8B07-90D6C02CF496}.Release|iPhoneSimulator.Build.0 = Release|iPhoneSimulator
		{DDB63BB6-79E0-4056-8B07-90D6C02CF496}.Release|iPhoneSimulator.Deploy.0 = Release|iPhoneSimulator
		{BA6FEEBE-491C-4572-A825-0BE6F0DE1DB3}.Ad-Hoc|Any CPU.ActiveCfg = Release|Any CPU
		{BA6FEEBE-491C-4572-A825-0BE6F0DE1DB3}.Ad-Hoc|Any CPU.Build.0 = Release|Any CPU
		{BA6FEEBE-491C-4572-A825-0BE6F0DE1DB3}.Ad-Hoc|iPhone.ActiveCfg = Release|Any CPU
		{BA6FEEBE-491C-4572-A825-0BE6F0DE1DB3}.Ad-Hoc|iPhone.Build.0 = Release|Any CPU
		{BA6FEEBE-491C-4572-A825-0BE6F0DE1DB3}.Ad-Hoc|iPhoneSimulator.ActiveCfg = Release|Any CPU
		{BA6FEEBE-491C-4572-A825-0BE6F0DE1DB3}.Ad-Hoc|iPhoneSimulator.Build.0 = Release|Any CPU
		{BA6FEEBE-491C-4572-A825-0BE6F0DE1DB3}.AppStore|Any CPU.ActiveCfg = Release|Any CPU
		{BA6FEEBE-491C-4572-A825-0BE6F0DE1DB3}.AppStore|Any CPU.Build.0 = Release|Any CPU
		{BA6FEEBE-491C-4572-A825-0BE6F0DE1DB3}.AppStore|iPhone.ActiveCfg = Release|Any CPU
		{BA6FEEBE-491C-4572-A825-0BE6F0DE1DB3}.AppStore|iPhone.Build.0 = Release|Any CPU
		{BA6FEEBE-491C-4572-A825-0BE6F0DE1DB3}.AppStore|iPhoneSimulator.ActiveCfg = Release|Any CPU
		{BA6FEEBE-491C-4572-A825-0BE6F0DE1DB3}.AppStore|iPhoneSimulator.Build.0 = Release|Any CPU
		{BA6FEEBE-491C-4572-A825-0BE6F0DE1DB3}.Debug|Any CPU.ActiveCfg = Debug|Any CPU
		{BA6FEEBE-491C-4572-A825-0BE6F0DE1DB3}.Debug|Any CPU.Build.0 = Debug|Any CPU
		{BA6FEEBE-491C-4572-A825-0BE6F0DE1DB3}.Debug|Any CPU.Deploy.0 = Debug|Any CPU
		{BA6FEEBE-491C-4572-A825-0BE6F0DE1DB3}.Debug|iPhone.ActiveCfg = Debug|Any CPU
		{BA6FEEBE-491C-4572-A825-0BE6F0DE1DB3}.Debug|iPhone.Build.0 = Debug|Any CPU
		{BA6FEEBE-491C-4572-A825-0BE6F0DE1DB3}.Debug|iPhone.Deploy.0 = Debug|Any CPU
		{BA6FEEBE-491C-4572-A825-0BE6F0DE1DB3}.Debug|iPhoneSimulator.ActiveCfg = Debug|Any CPU
		{BA6FEEBE-491C-4572-A825-0BE6F0DE1DB3}.Debug|iPhoneSimulator.Build.0 = Debug|Any CPU
		{BA6FEEBE-491C-4572-A825-0BE6F0DE1DB3}.Debug|iPhoneSimulator.Deploy.0 = Debug|Any CPU
		{BA6FEEBE-491C-4572-A825-0BE6F0DE1DB3}.Release|Any CPU.ActiveCfg = Release|Any CPU
		{BA6FEEBE-491C-4572-A825-0BE6F0DE1DB3}.Release|Any CPU.Build.0 = Release|Any CPU
		{BA6FEEBE-491C-4572-A825-0BE6F0DE1DB3}.Release|Any CPU.Deploy.0 = Release|Any CPU
		{BA6FEEBE-491C-4572-A825-0BE6F0DE1DB3}.Release|iPhone.ActiveCfg = Release|Any CPU
		{BA6FEEBE-491C-4572-A825-0BE6F0DE1DB3}.Release|iPhone.Build.0 = Release|Any CPU
		{BA6FEEBE-491C-4572-A825-0BE6F0DE1DB3}.Release|iPhone.Deploy.0 = Release|Any CPU
		{BA6FEEBE-491C-4572-A825-0BE6F0DE1DB3}.Release|iPhoneSimulator.ActiveCfg = Release|Any CPU
		{BA6FEEBE-491C-4572-A825-0BE6F0DE1DB3}.Release|iPhoneSimulator.Build.0 = Release|Any CPU
		{BA6FEEBE-491C-4572-A825-0BE6F0DE1DB3}.Release|iPhoneSimulator.Deploy.0 = Release|Any CPU
		{A040E67B-E02A-4003-8B69-255636926852}.Ad-Hoc|Any CPU.ActiveCfg = Release|Any CPU
		{A040E67B-E02A-4003-8B69-255636926852}.Ad-Hoc|Any CPU.Build.0 = Release|Any CPU
		{A040E67B-E02A-4003-8B69-255636926852}.Ad-Hoc|iPhone.ActiveCfg = Release|Any CPU
		{A040E67B-E02A-4003-8B69-255636926852}.Ad-Hoc|iPhone.Build.0 = Release|Any CPU
		{A040E67B-E02A-4003-8B69-255636926852}.Ad-Hoc|iPhoneSimulator.ActiveCfg = Release|Any CPU
		{A040E67B-E02A-4003-8B69-255636926852}.Ad-Hoc|iPhoneSimulator.Build.0 = Release|Any CPU
		{A040E67B-E02A-4003-8B69-255636926852}.AppStore|Any CPU.ActiveCfg = Release|Any CPU
		{A040E67B-E02A-4003-8B69-255636926852}.AppStore|Any CPU.Build.0 = Release|Any CPU
		{A040E67B-E02A-4003-8B69-255636926852}.AppStore|iPhone.ActiveCfg = Release|Any CPU
		{A040E67B-E02A-4003-8B69-255636926852}.AppStore|iPhone.Build.0 = Release|Any CPU
		{A040E67B-E02A-4003-8B69-255636926852}.AppStore|iPhoneSimulator.ActiveCfg = Release|Any CPU
		{A040E67B-E02A-4003-8B69-255636926852}.AppStore|iPhoneSimulator.Build.0 = Release|Any CPU
		{A040E67B-E02A-4003-8B69-255636926852}.Debug|Any CPU.ActiveCfg = Debug|Any CPU
		{A040E67B-E02A-4003-8B69-255636926852}.Debug|Any CPU.Build.0 = Debug|Any CPU
		{A040E67B-E02A-4003-8B69-255636926852}.Debug|iPhone.ActiveCfg = Debug|Any CPU
		{A040E67B-E02A-4003-8B69-255636926852}.Debug|iPhone.Build.0 = Debug|Any CPU
		{A040E67B-E02A-4003-8B69-255636926852}.Debug|iPhoneSimulator.ActiveCfg = Debug|Any CPU
		{A040E67B-E02A-4003-8B69-255636926852}.Debug|iPhoneSimulator.Build.0 = Debug|Any CPU
		{A040E67B-E02A-4003-8B69-255636926852}.Release|Any CPU.ActiveCfg = Release|Any CPU
		{A040E67B-E02A-4003-8B69-255636926852}.Release|Any CPU.Build.0 = Release|Any CPU
		{A040E67B-E02A-4003-8B69-255636926852}.Release|iPhone.ActiveCfg = Release|Any CPU
		{A040E67B-E02A-4003-8B69-255636926852}.Release|iPhone.Build.0 = Release|Any CPU
		{A040E67B-E02A-4003-8B69-255636926852}.Release|iPhoneSimulator.ActiveCfg = Release|Any CPU
		{A040E67B-E02A-4003-8B69-255636926852}.Release|iPhoneSimulator.Build.0 = Release|Any CPU
		{1931A70D-5AA7-4961-AA4C-F3A647835EA0}.Ad-Hoc|Any CPU.ActiveCfg = Release|Any CPU
		{1931A70D-5AA7-4961-AA4C-F3A647835EA0}.Ad-Hoc|Any CPU.Build.0 = Release|Any CPU
		{1931A70D-5AA7-4961-AA4C-F3A647835EA0}.Ad-Hoc|iPhone.ActiveCfg = Release|Any CPU
		{1931A70D-5AA7-4961-AA4C-F3A647835EA0}.Ad-Hoc|iPhone.Build.0 = Release|Any CPU
		{1931A70D-5AA7-4961-AA4C-F3A647835EA0}.Ad-Hoc|iPhoneSimulator.ActiveCfg = Release|Any CPU
		{1931A70D-5AA7-4961-AA4C-F3A647835EA0}.Ad-Hoc|iPhoneSimulator.Build.0 = Release|Any CPU
		{1931A70D-5AA7-4961-AA4C-F3A647835EA0}.AppStore|Any CPU.ActiveCfg = Release|Any CPU
		{1931A70D-5AA7-4961-AA4C-F3A647835EA0}.AppStore|Any CPU.Build.0 = Release|Any CPU
		{1931A70D-5AA7-4961-AA4C-F3A647835EA0}.AppStore|iPhone.ActiveCfg = Release|Any CPU
		{1931A70D-5AA7-4961-AA4C-F3A647835EA0}.AppStore|iPhone.Build.0 = Release|Any CPU
		{1931A70D-5AA7-4961-AA4C-F3A647835EA0}.AppStore|iPhoneSimulator.ActiveCfg = Release|Any CPU
		{1931A70D-5AA7-4961-AA4C-F3A647835EA0}.AppStore|iPhoneSimulator.Build.0 = Release|Any CPU
		{1931A70D-5AA7-4961-AA4C-F3A647835EA0}.Debug|Any CPU.ActiveCfg = Debug|Any CPU
		{1931A70D-5AA7-4961-AA4C-F3A647835EA0}.Debug|Any CPU.Build.0 = Debug|Any CPU
		{1931A70D-5AA7-4961-AA4C-F3A647835EA0}.Debug|iPhone.ActiveCfg = Debug|Any CPU
		{1931A70D-5AA7-4961-AA4C-F3A647835EA0}.Debug|iPhone.Build.0 = Debug|Any CPU
		{1931A70D-5AA7-4961-AA4C-F3A647835EA0}.Debug|iPhoneSimulator.ActiveCfg = Debug|Any CPU
		{1931A70D-5AA7-4961-AA4C-F3A647835EA0}.Debug|iPhoneSimulator.Build.0 = Debug|Any CPU
		{1931A70D-5AA7-4961-AA4C-F3A647835EA0}.Release|Any CPU.ActiveCfg = Release|Any CPU
		{1931A70D-5AA7-4961-AA4C-F3A647835EA0}.Release|Any CPU.Build.0 = Release|Any CPU
		{1931A70D-5AA7-4961-AA4C-F3A647835EA0}.Release|iPhone.ActiveCfg = Release|Any CPU
		{1931A70D-5AA7-4961-AA4C-F3A647835EA0}.Release|iPhone.Build.0 = Release|Any CPU
		{1931A70D-5AA7-4961-AA4C-F3A647835EA0}.Release|iPhoneSimulator.ActiveCfg = Release|Any CPU
		{1931A70D-5AA7-4961-AA4C-F3A647835EA0}.Release|iPhoneSimulator.Build.0 = Release|Any CPU
		{B2FA44F0-19F1-4261-8335-E8E8FCB2D078}.Ad-Hoc|Any CPU.ActiveCfg = Debug|Any CPU
		{B2FA44F0-19F1-4261-8335-E8E8FCB2D078}.Ad-Hoc|Any CPU.Build.0 = Debug|Any CPU
		{B2FA44F0-19F1-4261-8335-E8E8FCB2D078}.Ad-Hoc|iPhone.ActiveCfg = Debug|Any CPU
		{B2FA44F0-19F1-4261-8335-E8E8FCB2D078}.Ad-Hoc|iPhone.Build.0 = Debug|Any CPU
		{B2FA44F0-19F1-4261-8335-E8E8FCB2D078}.Ad-Hoc|iPhoneSimulator.ActiveCfg = Debug|Any CPU
		{B2FA44F0-19F1-4261-8335-E8E8FCB2D078}.Ad-Hoc|iPhoneSimulator.Build.0 = Debug|Any CPU
		{B2FA44F0-19F1-4261-8335-E8E8FCB2D078}.AppStore|Any CPU.ActiveCfg = Debug|Any CPU
		{B2FA44F0-19F1-4261-8335-E8E8FCB2D078}.AppStore|Any CPU.Build.0 = Debug|Any CPU
		{B2FA44F0-19F1-4261-8335-E8E8FCB2D078}.AppStore|iPhone.ActiveCfg = Debug|Any CPU
		{B2FA44F0-19F1-4261-8335-E8E8FCB2D078}.AppStore|iPhone.Build.0 = Debug|Any CPU
		{B2FA44F0-19F1-4261-8335-E8E8FCB2D078}.AppStore|iPhoneSimulator.ActiveCfg = Debug|Any CPU
		{B2FA44F0-19F1-4261-8335-E8E8FCB2D078}.AppStore|iPhoneSimulator.Build.0 = Debug|Any CPU
		{B2FA44F0-19F1-4261-8335-E8E8FCB2D078}.Debug|Any CPU.ActiveCfg = Debug|Any CPU
		{B2FA44F0-19F1-4261-8335-E8E8FCB2D078}.Debug|Any CPU.Build.0 = Debug|Any CPU
		{B2FA44F0-19F1-4261-8335-E8E8FCB2D078}.Debug|iPhone.ActiveCfg = Debug|Any CPU
		{B2FA44F0-19F1-4261-8335-E8E8FCB2D078}.Debug|iPhone.Build.0 = Debug|Any CPU
		{B2FA44F0-19F1-4261-8335-E8E8FCB2D078}.Debug|iPhoneSimulator.ActiveCfg = Debug|Any CPU
		{B2FA44F0-19F1-4261-8335-E8E8FCB2D078}.Debug|iPhoneSimulator.Build.0 = Debug|Any CPU
		{B2FA44F0-19F1-4261-8335-E8E8FCB2D078}.Release|Any CPU.ActiveCfg = Release|Any CPU
		{B2FA44F0-19F1-4261-8335-E8E8FCB2D078}.Release|Any CPU.Build.0 = Release|Any CPU
		{B2FA44F0-19F1-4261-8335-E8E8FCB2D078}.Release|iPhone.ActiveCfg = Release|Any CPU
		{B2FA44F0-19F1-4261-8335-E8E8FCB2D078}.Release|iPhone.Build.0 = Release|Any CPU
		{B2FA44F0-19F1-4261-8335-E8E8FCB2D078}.Release|iPhoneSimulator.ActiveCfg = Release|Any CPU
		{B2FA44F0-19F1-4261-8335-E8E8FCB2D078}.Release|iPhoneSimulator.Build.0 = Release|Any CPU
	EndGlobalSection
	GlobalSection(SolutionProperties) = preSolution
		HideSolutionNode = FALSE
	EndGlobalSection
	GlobalSection(ExtensibilityGlobals) = postSolution
		SolutionGuid = {AA9CF968-2F1D-4A7F-BD51-14294A28D83A}
	EndGlobalSection
EndGlobal
